
Microsoft Visual Studio Solution File, Format Version 12.00
Project("{2150E333-8FDC-42A3-9474-1A3956D46DE8}") = "src", "src", "{4488FB53-2113-4A4C-9CCF-4645620894EF}"
EndProject
Project("{2150E333-8FDC-42A3-9474-1A3956D46DE8}") = "test", "test", "{0CD91AC8-021E-4A59-B9F5-CB93242D1C9F}"
EndProject
Project("{2150E333-8FDC-42A3-9474-1A3956D46DE8}") = "Core", "Core", "{78322194-FEBA-45FC-B60B-2F0E2E954F1F}"
EndProject
Project("{2150E333-8FDC-42A3-9474-1A3956D46DE8}") = "Infrastructure", "Infrastructure", "{317C538D-04CB-4C5E-8DED-11F3BEF1433A}"
EndProject
Project("{2150E333-8FDC-42A3-9474-1A3956D46DE8}") = "Presentation", "Presentation", "{DBDD5690-53A3-485E-A7DE-791FE222101E}"
EndProject
Project("{2150E333-8FDC-42A3-9474-1A3956D46DE8}") = "InfrastructureTests", "InfrastructureTests", "{7629A75A-DEFE-4D4C-A047-3157F59B3E27}"
EndProject
Project("{FAE04EC0-301F-11D3-BF4B-00C04F79EFBC}") = "Domain", "Domain\Domain.csproj", "{0833AA1D-DC69-415B-B580-6A7E9899556D}"
EndProject
Project("{FAE04EC0-301F-11D3-BF4B-00C04F79EFBC}") = "Application", "Application\Application.csproj", "{5EF774BA-8431-4891-8FBD-35017B4722F5}"
EndProject
Project("{FAE04EC0-301F-11D3-BF4B-00C04F79EFBC}") = "Persistence", "Persistence\Persistence.csproj", "{42508D93-B278-45C0-B3A2-A5545FE06E8B}"
EndProject
Project("{FAE04EC0-301F-11D3-BF4B-00C04F79EFBC}") = "WebApp", "WebApp\WebApp.csproj", "{1F7C847A-4BE2-460A-8C72-0CADB50E5FB7}"
EndProject
Global
	GlobalSection(SolutionConfigurationPlatforms) = preSolution
		Debug|Any CPU = Debug|Any CPU
		Release|Any CPU = Release|Any CPU
	EndGlobalSection
	GlobalSection(ProjectConfigurationPlatforms) = postSolution
		{0833AA1D-DC69-415B-B580-6A7E9899556D}.Debug|Any CPU.ActiveCfg = Debug|Any CPU
		{0833AA1D-DC69-415B-B580-6A7E9899556D}.Debug|Any CPU.Build.0 = Debug|Any CPU
		{0833AA1D-DC69-415B-B580-6A7E9899556D}.Release|Any CPU.ActiveCfg = Release|Any CPU
		{0833AA1D-DC69-415B-B580-6A7E9899556D}.Release|Any CPU.Build.0 = Release|Any CPU
		{5EF774BA-8431-4891-8FBD-35017B4722F5}.Debug|Any CPU.ActiveCfg = Debug|Any CPU
		{5EF774BA-8431-4891-8FBD-35017B4722F5}.Debug|Any CPU.Build.0 = Debug|Any CPU
		{5EF774BA-8431-4891-8FBD-35017B4722F5}.Release|Any CPU.ActiveCfg = Release|Any CPU
		{5EF774BA-8431-4891-8FBD-35017B4722F5}.Release|Any CPU.Build.0 = Release|Any CPU
		{42508D93-B278-45C0-B3A2-A5545FE06E8B}.Debug|Any CPU.ActiveCfg = Debug|Any CPU
		{42508D93-B278-45C0-B3A2-A5545FE06E8B}.Debug|Any CPU.Build.0 = Debug|Any CPU
		{42508D93-B278-45C0-B3A2-A5545FE06E8B}.Release|Any CPU.ActiveCfg = Release|Any CPU
		{42508D93-B278-45C0-B3A2-A5545FE06E8B}.Release|Any CPU.Build.0 = Release|Any CPU
		{1F7C847A-4BE2-460A-8C72-0CADB50E5FB7}.Debug|Any CPU.ActiveCfg = Debug|Any CPU
		{1F7C847A-4BE2-460A-8C72-0CADB50E5FB7}.Debug|Any CPU.Build.0 = Debug|Any CPU
		{1F7C847A-4BE2-460A-8C72-0CADB50E5FB7}.Release|Any CPU.ActiveCfg = Release|Any CPU
		{1F7C847A-4BE2-460A-8C72-0CADB50E5FB7}.Release|Any CPU.Build.0 = Release|Any CPU
	EndGlobalSection
	GlobalSection(NestedProjects) = preSolution
		{78322194-FEBA-45FC-B60B-2F0E2E954F1F} = {4488FB53-2113-4A4C-9CCF-4645620894EF}
		{317C538D-04CB-4C5E-8DED-11F3BEF1433A} = {4488FB53-2113-4A4C-9CCF-4645620894EF}
		{DBDD5690-53A3-485E-A7DE-791FE222101E} = {4488FB53-2113-4A4C-9CCF-4645620894EF}
		{7629A75A-DEFE-4D4C-A047-3157F59B3E27} = {0CD91AC8-021E-4A59-B9F5-CB93242D1C9F}
		{0833AA1D-DC69-415B-B580-6A7E9899556D} = {78322194-FEBA-45FC-B60B-2F0E2E954F1F}
		{5EF774BA-8431-4891-8FBD-35017B4722F5} = {78322194-FEBA-45FC-B60B-2F0E2E954F1F}
		{42508D93-B278-45C0-B3A2-A5545FE06E8B} = {317C538D-04CB-4C5E-8DED-11F3BEF1433A}
		{1F7C847A-4BE2-460A-8C72-0CADB50E5FB7} = {DBDD5690-53A3-485E-A7DE-791FE222101E}
	EndGlobalSection
EndGlobal
