
Microsoft Visual Studio Solution File, Format Version 12.00
Project("{FAE04EC0-301F-11D3-BF4B-00C04F79EFBC}") = "Proiect", "Proiect\Proiect.csproj", "{A957335D-4C3D-412B-8363-E3C4DBD8CA47}"
EndProject
Project("{FAE04EC0-301F-11D3-BF4B-00C04F79EFBC}") = "Tests", "Tests\Tests.csproj", "{55EEA53A-D18F-4391-A64F-227ADBC86FB2}"
EndProject
Global
	GlobalSection(SolutionConfigurationPlatforms) = preSolution
		Debug|Any CPU = Debug|Any CPU
		Release|Any CPU = Release|Any CPU
	EndGlobalSection
	GlobalSection(ProjectConfigurationPlatforms) = postSolution
		{A957335D-4C3D-412B-8363-E3C4DBD8CA47}.Debug|Any CPU.ActiveCfg = Debug|Any CPU
		{A957335D-4C3D-412B-8363-E3C4DBD8CA47}.Debug|Any CPU.Build.0 = Debug|Any CPU
		{A957335D-4C3D-412B-8363-E3C4DBD8CA47}.Release|Any CPU.ActiveCfg = Release|Any CPU
		{A957335D-4C3D-412B-8363-E3C4DBD8CA47}.Release|Any CPU.Build.0 = Release|Any CPU
		{55EEA53A-D18F-4391-A64F-227ADBC86FB2}.Debug|Any CPU.ActiveCfg = Debug|Any CPU
		{55EEA53A-D18F-4391-A64F-227ADBC86FB2}.Debug|Any CPU.Build.0 = Debug|Any CPU
		{55EEA53A-D18F-4391-A64F-227ADBC86FB2}.Release|Any CPU.ActiveCfg = Release|Any CPU
		{55EEA53A-D18F-4391-A64F-227ADBC86FB2}.Release|Any CPU.Build.0 = Release|Any CPU
	EndGlobalSection
EndGlobal
