
Microsoft Visual Studio Solution File, Format Version 12.00
Project("{2150E333-8FDC-42A3-9474-1A3956D46DE8}") = "src", "src", "{18C1332B-EA69-4896-BA4E-AD6BA9970027}"
EndProject
Project("{2150E333-8FDC-42A3-9474-1A3956D46DE8}") = "test", "test", "{F7F1C416-1CAB-4FDE-9E54-64049A1A1826}"
EndProject
Project("{2150E333-8FDC-42A3-9474-1A3956D46DE8}") = "Presentation", "Presentation", "{A1D471D4-1E24-47F1-901F-2AA5E7F8D245}"
EndProject
Project("{2150E333-8FDC-42A3-9474-1A3956D46DE8}") = "Core", "Core", "{5024D34D-EA19-4F14-8E19-62CB9DAA3B83}"
EndProject
Project("{2150E333-8FDC-42A3-9474-1A3956D46DE8}") = "Infrastructure", "Infrastructure", "{D56A756B-9781-4DA6-BAFB-673FFA34364C}"
EndProject
Project("{FAE04EC0-301F-11D3-BF4B-00C04F79EFBC}") = "Domain", "Domain\Domain.csproj", "{605B1A76-C441-42DE-ACCD-0C5D950BDACF}"
EndProject
Project("{FAE04EC0-301F-11D3-BF4B-00C04F79EFBC}") = "Application", "Application\Application.csproj", "{F72EE6C2-AF95-447D-B5F0-53A3C1A9F128}"
EndProject
Project("{FAE04EC0-301F-11D3-BF4B-00C04F79EFBC}") = "Persistence", "Persistence\Persistence.csproj", "{FED969F6-4FE2-4D96-979C-28BA5BFC4AED}"
EndProject
Project("{FAE04EC0-301F-11D3-BF4B-00C04F79EFBC}") = "WebApplication", "WebApplication\WebApplication.csproj", "{C29E8C22-5305-4726-9609-EC070334592F}"
EndProject
Project("{FAE04EC0-301F-11D3-BF4B-00C04F79EFBC}") = "UnitTest", "UnitTest\UnitTest.csproj", "{E710CACD-4BC8-4A68-9A0E-B63D5C0C9BB2}"
EndProject
Global
	GlobalSection(SolutionConfigurationPlatforms) = preSolution
		Debug|Any CPU = Debug|Any CPU
		Release|Any CPU = Release|Any CPU
	EndGlobalSection
	GlobalSection(ProjectConfigurationPlatforms) = postSolution
		{605B1A76-C441-42DE-ACCD-0C5D950BDACF}.Debug|Any CPU.ActiveCfg = Debug|Any CPU
		{605B1A76-C441-42DE-ACCD-0C5D950BDACF}.Debug|Any CPU.Build.0 = Debug|Any CPU
		{605B1A76-C441-42DE-ACCD-0C5D950BDACF}.Release|Any CPU.ActiveCfg = Release|Any CPU
		{605B1A76-C441-42DE-ACCD-0C5D950BDACF}.Release|Any CPU.Build.0 = Release|Any CPU
		{F72EE6C2-AF95-447D-B5F0-53A3C1A9F128}.Debug|Any CPU.ActiveCfg = Debug|Any CPU
		{F72EE6C2-AF95-447D-B5F0-53A3C1A9F128}.Debug|Any CPU.Build.0 = Debug|Any CPU
		{F72EE6C2-AF95-447D-B5F0-53A3C1A9F128}.Release|Any CPU.ActiveCfg = Release|Any CPU
		{F72EE6C2-AF95-447D-B5F0-53A3C1A9F128}.Release|Any CPU.Build.0 = Release|Any CPU
		{FED969F6-4FE2-4D96-979C-28BA5BFC4AED}.Debug|Any CPU.ActiveCfg = Debug|Any CPU
		{FED969F6-4FE2-4D96-979C-28BA5BFC4AED}.Debug|Any CPU.Build.0 = Debug|Any CPU
		{FED969F6-4FE2-4D96-979C-28BA5BFC4AED}.Release|Any CPU.ActiveCfg = Release|Any CPU
		{FED969F6-4FE2-4D96-979C-28BA5BFC4AED}.Release|Any CPU.Build.0 = Release|Any CPU
		{C29E8C22-5305-4726-9609-EC070334592F}.Debug|Any CPU.ActiveCfg = Debug|Any CPU
		{C29E8C22-5305-4726-9609-EC070334592F}.Debug|Any CPU.Build.0 = Debug|Any CPU
		{C29E8C22-5305-4726-9609-EC070334592F}.Release|Any CPU.ActiveCfg = Release|Any CPU
		{C29E8C22-5305-4726-9609-EC070334592F}.Release|Any CPU.Build.0 = Release|Any CPU
		{E710CACD-4BC8-4A68-9A0E-B63D5C0C9BB2}.Debug|Any CPU.ActiveCfg = Debug|Any CPU
		{E710CACD-4BC8-4A68-9A0E-B63D5C0C9BB2}.Debug|Any CPU.Build.0 = Debug|Any CPU
		{E710CACD-4BC8-4A68-9A0E-B63D5C0C9BB2}.Release|Any CPU.ActiveCfg = Release|Any CPU
		{E710CACD-4BC8-4A68-9A0E-B63D5C0C9BB2}.Release|Any CPU.Build.0 = Release|Any CPU
	EndGlobalSection
	GlobalSection(NestedProjects) = preSolution
		{A1D471D4-1E24-47F1-901F-2AA5E7F8D245} = {18C1332B-EA69-4896-BA4E-AD6BA9970027}
		{5024D34D-EA19-4F14-8E19-62CB9DAA3B83} = {18C1332B-EA69-4896-BA4E-AD6BA9970027}
		{D56A756B-9781-4DA6-BAFB-673FFA34364C} = {18C1332B-EA69-4896-BA4E-AD6BA9970027}
		{605B1A76-C441-42DE-ACCD-0C5D950BDACF} = {5024D34D-EA19-4F14-8E19-62CB9DAA3B83}
		{F72EE6C2-AF95-447D-B5F0-53A3C1A9F128} = {5024D34D-EA19-4F14-8E19-62CB9DAA3B83}
		{FED969F6-4FE2-4D96-979C-28BA5BFC4AED} = {D56A756B-9781-4DA6-BAFB-673FFA34364C}
		{C29E8C22-5305-4726-9609-EC070334592F} = {A1D471D4-1E24-47F1-901F-2AA5E7F8D245}
		{E710CACD-4BC8-4A68-9A0E-B63D5C0C9BB2} = {F7F1C416-1CAB-4FDE-9E54-64049A1A1826}
	EndGlobalSection
EndGlobal
