
Microsoft Visual Studio Solution File, Format Version 12.00
Project("{2150E333-8FDC-42A3-9474-1A3956D46DE8}") = "src", "src", "{4488FB53-2113-4A4C-9CCF-4645620894EF}"
EndProject
Project("{2150E333-8FDC-42A3-9474-1A3956D46DE8}") = "test", "test", "{0CD91AC8-021E-4A59-B9F5-CB93242D1C9F}"
EndProject
Project("{2150E333-8FDC-42A3-9474-1A3956D46DE8}") = "InfrastructureTests", "InfrastructureTests", "{7629A75A-DEFE-4D4C-A047-3157F59B3E27}"
EndProject
Project("{2150E333-8FDC-42A3-9474-1A3956D46DE8}") = "Core", "Core", "{89B9BADD-C9FF-41A2-ABE0-BFCE75949336}"
EndProject
Project("{2150E333-8FDC-42A3-9474-1A3956D46DE8}") = "Infrastructure", "Infrastructure", "{7E7E2D2B-C7F8-487A-B79C-0D49CF41738E}"
EndProject
Project("{FAE04EC0-301F-11D3-BF4B-00C04F79EFBC}") = "Domain", "Domain\Domain.csproj", "{594767AB-C1E2-4365-8611-084625B01A42}"
EndProject
Project("{FAE04EC0-301F-11D3-BF4B-00C04F79EFBC}") = "Application", "Application\Application.csproj", "{B7E31906-A922-46FF-9028-6CD0BB28EC35}"
EndProject
Project("{FAE04EC0-301F-11D3-BF4B-00C04F79EFBC}") = "Persistence", "Persistence\Persistence.csproj", "{B5E79BE9-EDF1-423A-AB19-C80A8C581201}"
EndProject
Project("{2150E333-8FDC-42A3-9474-1A3956D46DE8}") = "API", "API", "{D2B61166-0AA4-41FD-80F8-3CE7C14DB50D}"
EndProject
Project("{FAE04EC0-301F-11D3-BF4B-00C04F79EFBC}") = "WebApi", "WebApi\WebApi.csproj", "{5158B45A-EC20-4087-85A4-1DD7CD1B15A7}"
EndProject
Project("{FAE04EC0-301F-11D3-BF4B-00C04F79EFBC}") = "InfrastructureTests", "InfrastructureTests\InfrastructureTests.csproj", "{94C76205-9EFE-4ED4-A582-0024BD1C5D1E}"
EndProject
Global
	GlobalSection(SolutionConfigurationPlatforms) = preSolution
		Debug|Any CPU = Debug|Any CPU
		Release|Any CPU = Release|Any CPU
	EndGlobalSection
	GlobalSection(ProjectConfigurationPlatforms) = postSolution
		{594767AB-C1E2-4365-8611-084625B01A42}.Debug|Any CPU.ActiveCfg = Debug|Any CPU
		{594767AB-C1E2-4365-8611-084625B01A42}.Debug|Any CPU.Build.0 = Debug|Any CPU
		{594767AB-C1E2-4365-8611-084625B01A42}.Release|Any CPU.ActiveCfg = Release|Any CPU
		{594767AB-C1E2-4365-8611-084625B01A42}.Release|Any CPU.Build.0 = Release|Any CPU
		{B7E31906-A922-46FF-9028-6CD0BB28EC35}.Debug|Any CPU.ActiveCfg = Debug|Any CPU
		{B7E31906-A922-46FF-9028-6CD0BB28EC35}.Debug|Any CPU.Build.0 = Debug|Any CPU
		{B7E31906-A922-46FF-9028-6CD0BB28EC35}.Release|Any CPU.ActiveCfg = Release|Any CPU
		{B7E31906-A922-46FF-9028-6CD0BB28EC35}.Release|Any CPU.Build.0 = Release|Any CPU
		{B5E79BE9-EDF1-423A-AB19-C80A8C581201}.Debug|Any CPU.ActiveCfg = Debug|Any CPU
		{B5E79BE9-EDF1-423A-AB19-C80A8C581201}.Debug|Any CPU.Build.0 = Debug|Any CPU
		{B5E79BE9-EDF1-423A-AB19-C80A8C581201}.Release|Any CPU.ActiveCfg = Release|Any CPU
		{B5E79BE9-EDF1-423A-AB19-C80A8C581201}.Release|Any CPU.Build.0 = Release|Any CPU
		{5158B45A-EC20-4087-85A4-1DD7CD1B15A7}.Debug|Any CPU.ActiveCfg = Debug|Any CPU
		{5158B45A-EC20-4087-85A4-1DD7CD1B15A7}.Debug|Any CPU.Build.0 = Debug|Any CPU
		{5158B45A-EC20-4087-85A4-1DD7CD1B15A7}.Release|Any CPU.ActiveCfg = Release|Any CPU
		{5158B45A-EC20-4087-85A4-1DD7CD1B15A7}.Release|Any CPU.Build.0 = Release|Any CPU
		{94C76205-9EFE-4ED4-A582-0024BD1C5D1E}.Debug|Any CPU.ActiveCfg = Debug|Any CPU
		{94C76205-9EFE-4ED4-A582-0024BD1C5D1E}.Debug|Any CPU.Build.0 = Debug|Any CPU
		{94C76205-9EFE-4ED4-A582-0024BD1C5D1E}.Release|Any CPU.ActiveCfg = Release|Any CPU
		{94C76205-9EFE-4ED4-A582-0024BD1C5D1E}.Release|Any CPU.Build.0 = Release|Any CPU
	EndGlobalSection
	GlobalSection(NestedProjects) = preSolution
		{7629A75A-DEFE-4D4C-A047-3157F59B3E27} = {0CD91AC8-021E-4A59-B9F5-CB93242D1C9F}
		{89B9BADD-C9FF-41A2-ABE0-BFCE75949336} = {4488FB53-2113-4A4C-9CCF-4645620894EF}
		{7E7E2D2B-C7F8-487A-B79C-0D49CF41738E} = {4488FB53-2113-4A4C-9CCF-4645620894EF}
		{594767AB-C1E2-4365-8611-084625B01A42} = {89B9BADD-C9FF-41A2-ABE0-BFCE75949336}
		{B7E31906-A922-46FF-9028-6CD0BB28EC35} = {89B9BADD-C9FF-41A2-ABE0-BFCE75949336}
		{B5E79BE9-EDF1-423A-AB19-C80A8C581201} = {7E7E2D2B-C7F8-487A-B79C-0D49CF41738E}
		{D2B61166-0AA4-41FD-80F8-3CE7C14DB50D} = {4488FB53-2113-4A4C-9CCF-4645620894EF}
		{5158B45A-EC20-4087-85A4-1DD7CD1B15A7} = {D2B61166-0AA4-41FD-80F8-3CE7C14DB50D}
		{94C76205-9EFE-4ED4-A582-0024BD1C5D1E} = {7629A75A-DEFE-4D4C-A047-3157F59B3E27}
	EndGlobalSection
EndGlobal
